
Microsoft Visual Studio Solution File, Format Version 12.00
# Visual Studio Version 17
VisualStudioVersion = 17.9.34616.47
MinimumVisualStudioVersion = 10.0.40219.1
Project("{FAE04EC0-301F-11D3-BF4B-00C04F79EFBC}") = "TTSpeech", "TTSpeech\TTSpeech.csproj", "{B514E9B5-0A89-45D6-8BD3-8A11BD572082}"
EndProject
Global
	GlobalSection(SolutionConfigurationPlatforms) = preSolution
		Debug|Any CPU = Debug|Any CPU
		Release|Any CPU = Release|Any CPU
	EndGlobalSection
	GlobalSection(ProjectConfigurationPlatforms) = postSolution
		{B514E9B5-0A89-45D6-8BD3-8A11BD572082}.Debug|Any CPU.ActiveCfg = Debug|Any CPU
		{B514E9B5-0A89-45D6-8BD3-8A11BD572082}.Debug|Any CPU.Build.0 = Debug|Any CPU
		{B514E9B5-0A89-45D6-8BD3-8A11BD572082}.Release|Any CPU.ActiveCfg = Release|Any CPU
		{B514E9B5-0A89-45D6-8BD3-8A11BD572082}.Release|Any CPU.Build.0 = Release|Any CPU
	EndGlobalSection
	GlobalSection(SolutionProperties) = preSolution
		HideSolutionNode = FALSE
	EndGlobalSection
	GlobalSection(ExtensibilityGlobals) = postSolution
		SolutionGuid = {C51C0630-B6AA-43A1-BD79-DB1C15968CD3}
	EndGlobalSection
EndGlobal
